dependencies:
- name: redis
  repository: https://charts.bitnami.com/bitnami
  version: 10.6.12
- name: redis
  repository: https://charts.bitnami.com/bitnami
  version: 10.6.12
- name: postgresql
  repository: https://charts.bitnami.com/bitnami
  version: 10.6.0
- name: pgadmin4
  repository: https://helm.runix.net
  version: 1.7.0
- name: rabbitmq
  repository: https://charts.bitnami.com/bitnami
  version: 8.18.1
- name: elasticsearch
  repository: https://helm.elastic.co
  version: 6.8.17
- name: kibana
  repository: https://helm.elastic.co
  version: 6.8.17
digest: sha256:bb214d2d1bcc135a04740d77f6f348d37c9138d03f7e0904812b71be762457b6
generated: "2021-07-26T17:59:22.6437917+07:00"
